Microsoft Visual Studio Solution File, Format Version 12.00
# Visual Studio 2013
VisualStudioVersion = 12.0.40629.0
MinimumVisualStudioVersion = 10.0.40219.1
Project("{FAE04EC0-301F-11D3-BF4B-00C04F79EFBC}") = "EPdevice", "EPdevice\EPdevice.csproj", "{192D9D55-0079-4190-9D1E-27F99DFD42FF}"
EndProject
Project("{FAE04EC0-301F-11D3-BF4B-00C04F79EFBC}") = "Tester", "Tester\Tester.csproj", "{429499FF-BACA-4220-A732-C473ED6E0039}"
EndProject
Project("{FAE04EC0-301F-11D3-BF4B-00C04F79EFBC}") = "ADS1298Intercom", "ADS1298Intercom\ADS1298Intercom.csproj", "{5A75589E-296E-41C2-9DEB-25A0F2DD604E}"
EndProject
Project("{FAE04EC0-301F-11D3-BF4B-00C04F79EFBC}") = "ADS1298Server", "ADS1298Server\ADS1298Server.csproj", "{99D31986-646A-4719-9DAF-BDB0855BF053}"
EndProject
Project("{FAE04EC0-301F-11D3-BF4B-00C04F79EFBC}") = "EMGFramework", "EMGFramework\EMGFramework.csproj", "{B9C7819A-3292-4708-B395-E96EBE59F15B}"
EndProject
Project("{FAE04EC0-301F-11D3-BF4B-00C04F79EFBC}") = "MPTCE", "MPTCE\MPTCE.csproj", "{4C82CDC2-4847-4643-B542-848D2326626E}"
EndProject
Project("{FAE04EC0-301F-11D3-BF4B-00C04F79EFBC}") = "RecordingPlanTest", "RecordingPlanTest\RecordingPlanTest.csproj", "{30F5A13E-13E7-424C-8502-0B4EA14DC2A8}"
EndProject
Project("{FAE04EC0-301F-11D3-BF4B-00C04F79EFBC}") = "QDGraphTest", "QDGraphTest\QDGraphTest.csproj", "{76A6B072-1228-4785-9B03-D947CED5024F}"
EndProject
Project("{54435603-DBB4-11D2-8724-00A0C9A8B90C}") = "MPTCE_installer", "MPTCE_installer\MPTCE_installer.vdproj", "{40EDA338-250A-4B24-8E6C-E9E56B892FF1}"
EndProject
Project("{FAE04EC0-301F-11D3-BF4B-00C04F79EFBC}") = "QDGraph", "QDGraph\QDGraph.csproj", "{6660A200-F703-4621-858B-D38FD2E8BA0F}"
EndProject
Project("{FAE04EC0-301F-11D3-BF4B-00C04F79EFBC}") = "RecordingPlan", "RecordingPlan\RecordingPlan.csproj", "{02E4DD67-E214-4B71-A6D1-6698472406AC}"
EndProject
Project("{7CF6DF6D-3B04-46F8-A40B-537D21BCA0B4}") = "Documentation", "Documentation\Documentation.shfbproj", "{C0868F03-3B1D-4E97-BF87-CB75405EEEA2}"
EndProject
Project("{2150E333-8FDC-42A3-9474-1A3956D46DE8}") = ".nuget", ".nuget", "{3FD84F5C-3F51-4402-BE8E-327FFCA2DB5F}"
EndProject
Global
	GlobalSection(SolutionConfigurationPlatforms) = preSolution
		Debug|Any CPU = Debug|Any CPU
		Debug|Mixed Platforms = Debug|Mixed Platforms
		Debug|x64 = Debug|x64
		Debug|x86 = Debug|x86
		Release|Any CPU = Release|Any CPU
		Release|Mixed Platforms = Release|Mixed Platforms
		Release|x64 = Release|x64
		Release|x86 = Release|x86
	EndGlobalSection
	GlobalSection(ProjectConfigurationPlatforms) = postSolution
		{192D9D55-0079-4190-9D1E-27F99DFD42FF}.Debug|Any CPU.ActiveCfg = Debug|Any CPU
		{192D9D55-0079-4190-9D1E-27F99DFD42FF}.Debug|Any CPU.Build.0 = Debug|Any CPU
		{192D9D55-0079-4190-9D1E-27F99DFD42FF}.Debug|Mixed Platforms.ActiveCfg = Debug|x64
		{192D9D55-0079-4190-9D1E-27F99DFD42FF}.Debug|Mixed Platforms.Build.0 = Debug|x64
		{192D9D55-0079-4190-9D1E-27F99DFD42FF}.Debug|x64.ActiveCfg = Debug|x64
		{192D9D55-0079-4190-9D1E-27F99DFD42FF}.Debug|x64.Build.0 = Debug|x64
		{192D9D55-0079-4190-9D1E-27F99DFD42FF}.Debug|x86.ActiveCfg = Debug|x86
		{192D9D55-0079-4190-9D1E-27F99DFD42FF}.Debug|x86.Build.0 = Debug|x86
		{192D9D55-0079-4190-9D1E-27F99DFD42FF}.Release|Any CPU.ActiveCfg = Release|Any CPU
		{192D9D55-0079-4190-9D1E-27F99DFD42FF}.Release|Any CPU.Build.0 = Release|Any CPU
		{192D9D55-0079-4190-9D1E-27F99DFD42FF}.Release|Mixed Platforms.ActiveCfg = Release|x64
		{192D9D55-0079-4190-9D1E-27F99DFD42FF}.Release|Mixed Platforms.Build.0 = Release|x64
		{192D9D55-0079-4190-9D1E-27F99DFD42FF}.Release|x64.ActiveCfg = Release|x64
		{192D9D55-0079-4190-9D1E-27F99DFD42FF}.Release|x64.Build.0 = Release|x64
		{192D9D55-0079-4190-9D1E-27F99DFD42FF}.Release|x86.ActiveCfg = Release|x86
		{192D9D55-0079-4190-9D1E-27F99DFD42FF}.Release|x86.Build.0 = Release|x86
		{429499FF-BACA-4220-A732-C473ED6E0039}.Debug|Any CPU.ActiveCfg = Debug|Any CPU
		{429499FF-BACA-4220-A732-C473ED6E0039}.Debug|Any CPU.Build.0 = Debug|Any CPU
		{429499FF-BACA-4220-A732-C473ED6E0039}.Debug|Mixed Platforms.ActiveCfg = Debug|Any CPU
		{429499FF-BACA-4220-A732-C473ED6E0039}.Debug|Mixed Platforms.Build.0 = Debug|Any CPU
		{429499FF-BACA-4220-A732-C473ED6E0039}.Debug|x64.ActiveCfg = Debug|x64
		{429499FF-BACA-4220-A732-C473ED6E0039}.Debug|x64.Build.0 = Debug|x64
		{429499FF-BACA-4220-A732-C473ED6E0039}.Debug|x86.ActiveCfg = Debug|x86
		{429499FF-BACA-4220-A732-C473ED6E0039}.Debug|x86.Build.0 = Debug|x86
		{429499FF-BACA-4220-A732-C473ED6E0039}.Release|Any CPU.ActiveCfg = Release|Any CPU
		{429499FF-BACA-4220-A732-C473ED6E0039}.Release|Any CPU.Build.0 = Release|Any CPU
		{429499FF-BACA-4220-A732-C473ED6E0039}.Release|Mixed Platforms.ActiveCfg = Release|Any CPU
		{429499FF-BACA-4220-A732-C473ED6E0039}.Release|Mixed Platforms.Build.0 = Release|Any CPU
		{429499FF-BACA-4220-A732-C473ED6E0039}.Release|x64.ActiveCfg = Release|x64
		{429499FF-BACA-4220-A732-C473ED6E0039}.Release|x64.Build.0 = Release|x64
		{429499FF-BACA-4220-A732-C473ED6E0039}.Release|x86.ActiveCfg = Release|x86
		{429499FF-BACA-4220-A732-C473ED6E0039}.Release|x86.Build.0 = Release|x86
		{5A75589E-296E-41C2-9DEB-25A0F2DD604E}.Debug|Any CPU.ActiveCfg = Debug|Any CPU
		{5A75589E-296E-41C2-9DEB-25A0F2DD604E}.Debug|Any CPU.Build.0 = Debug|Any CPU
		{5A75589E-296E-41C2-9DEB-25A0F2DD604E}.Debug|Mixed Platforms.ActiveCfg = Debug|x64
		{5A75589E-296E-41C2-9DEB-25A0F2DD604E}.Debug|Mixed Platforms.Build.0 = Debug|x64
		{5A75589E-296E-41C2-9DEB-25A0F2DD604E}.Debug|x64.ActiveCfg = Debug|x64
		{5A75589E-296E-41C2-9DEB-25A0F2DD604E}.Debug|x64.Build.0 = Debug|x64
		{5A75589E-296E-41C2-9DEB-25A0F2DD604E}.Debug|x86.ActiveCfg = Debug|x86
		{5A75589E-296E-41C2-9DEB-25A0F2DD604E}.Debug|x86.Build.0 = Debug|x86
		{5A75589E-296E-41C2-9DEB-25A0F2DD604E}.Release|Any CPU.ActiveCfg = Release|Any CPU
		{5A75589E-296E-41C2-9DEB-25A0F2DD604E}.Release|Any CPU.Build.0 = Release|Any CPU
		{5A75589E-296E-41C2-9DEB-25A0F2DD604E}.Release|Mixed Platforms.ActiveCfg = Release|x64
		{5A75589E-296E-41C2-9DEB-25A0F2DD604E}.Release|Mixed Platforms.Build.0 = Release|x64
		{5A75589E-296E-41C2-9DEB-25A0F2DD604E}.Release|x64.ActiveCfg = Release|x64
		{5A75589E-296E-41C2-9DEB-25A0F2DD604E}.Release|x64.Build.0 = Release|x64
		{5A75589E-296E-41C2-9DEB-25A0F2DD604E}.Release|x86.ActiveCfg = Release|x86
		{5A75589E-296E-41C2-9DEB-25A0F2DD604E}.Release|x86.Build.0 = Release|x86
		{99D31986-646A-4719-9DAF-BDB0855BF053}.Debug|Any CPU.ActiveCfg = Debug|Any CPU
		{99D31986-646A-4719-9DAF-BDB0855BF053}.Debug|Any CPU.Build.0 = Debug|Any CPU
		{99D31986-646A-4719-9DAF-BDB0855BF053}.Debug|Mixed Platforms.ActiveCfg = Debug|x64
		{99D31986-646A-4719-9DAF-BDB0855BF053}.Debug|Mixed Platforms.Build.0 = Debug|x64
		{99D31986-646A-4719-9DAF-BDB0855BF053}.Debug|x64.ActiveCfg = Debug|x64
		{99D31986-646A-4719-9DAF-BDB0855BF053}.Debug|x64.Build.0 = Debug|x64
		{99D31986-646A-4719-9DAF-BDB0855BF053}.Debug|x86.ActiveCfg = Debug|x86
		{99D31986-646A-4719-9DAF-BDB0855BF053}.Debug|x86.Build.0 = Debug|x86
		{99D31986-646A-4719-9DAF-BDB0855BF053}.Release|Any CPU.ActiveCfg = Release|Any CPU
		{99D31986-646A-4719-9DAF-BDB0855BF053}.Release|Any CPU.Build.0 = Release|Any CPU
		{99D31986-646A-4719-9DAF-BDB0855BF053}.Release|Mixed Platforms.ActiveCfg = Release|x64
		{99D31986-646A-4719-9DAF-BDB0855BF053}.Release|Mixed Platforms.Build.0 = Release|x64
		{99D31986-646A-4719-9DAF-BDB0855BF053}.Release|x64.ActiveCfg = Release|x64
		{99D31986-646A-4719-9DAF-BDB0855BF053}.Release|x64.Build.0 = Release|x64
		{99D31986-646A-4719-9DAF-BDB0855BF053}.Release|x86.ActiveCfg = Release|x86
		{99D31986-646A-4719-9DAF-BDB0855BF053}.Release|x86.Build.0 = Release|x86
		{B9C7819A-3292-4708-B395-E96EBE59F15B}.Debug|Any CPU.ActiveCfg = Debug|Any CPU
		{B9C7819A-3292-4708-B395-E96EBE59F15B}.Debug|Any CPU.Build.0 = Debug|Any CPU
		{B9C7819A-3292-4708-B395-E96EBE59F15B}.Debug|Mixed Platforms.ActiveCfg = Debug|x64
		{B9C7819A-3292-4708-B395-E96EBE59F15B}.Debug|Mixed Platforms.Build.0 = Debug|x64
		{B9C7819A-3292-4708-B395-E96EBE59F15B}.Debug|x64.ActiveCfg = Debug|x64
		{B9C7819A-3292-4708-B395-E96EBE59F15B}.Debug|x64.Build.0 = Debug|x64
		{B9C7819A-3292-4708-B395-E96EBE59F15B}.Debug|x86.ActiveCfg = Debug|x86
		{B9C7819A-3292-4708-B395-E96EBE59F15B}.Debug|x86.Build.0 = Debug|x86
		{B9C7819A-3292-4708-B395-E96EBE59F15B}.Release|Any CPU.ActiveCfg = Release|Any CPU
		{B9C7819A-3292-4708-B395-E96EBE59F15B}.Release|Any CPU.Build.0 = Release|Any CPU
		{B9C7819A-3292-4708-B395-E96EBE59F15B}.Release|Mixed Platforms.ActiveCfg = Release|x64
		{B9C7819A-3292-4708-B395-E96EBE59F15B}.Release|Mixed Platforms.Build.0 = Release|x64
		{B9C7819A-3292-4708-B395-E96EBE59F15B}.Release|x64.ActiveCfg = Release|x64
		{B9C7819A-3292-4708-B395-E96EBE59F15B}.Release|x64.Build.0 = Release|x64
		{B9C7819A-3292-4708-B395-E96EBE59F15B}.Release|x86.ActiveCfg = Release|x86
		{B9C7819A-3292-4708-B395-E96EBE59F15B}.Release|x86.Build.0 = Release|x86
		{4C82CDC2-4847-4643-B542-848D2326626E}.Debug|Any CPU.ActiveCfg = Debug|Any CPU
		{4C82CDC2-4847-4643-B542-848D2326626E}.Debug|Any CPU.Build.0 = Debug|Any CPU
		{4C82CDC2-4847-4643-B542-848D2326626E}.Debug|Mixed Platforms.ActiveCfg = Debug|x64
		{4C82CDC2-4847-4643-B542-848D2326626E}.Debug|Mixed Platforms.Build.0 = Debug|x64
		{4C82CDC2-4847-4643-B542-848D2326626E}.Debug|x64.ActiveCfg = Debug|x64
		{4C82CDC2-4847-4643-B542-848D2326626E}.Debug|x64.Build.0 = Debug|x64
		{4C82CDC2-4847-4643-B542-848D2326626E}.Debug|x86.ActiveCfg = Debug|x86
		{4C82CDC2-4847-4643-B542-848D2326626E}.Debug|x86.Build.0 = Debug|x86
		{4C82CDC2-4847-4643-B542-848D2326626E}.Release|Any CPU.ActiveCfg = Release|Any CPU
		{4C82CDC2-4847-4643-B542-848D2326626E}.Release|Any CPU.Build.0 = Release|Any CPU
		{4C82CDC2-4847-4643-B542-848D2326626E}.Release|Mixed Platforms.ActiveCfg = Release|x64
		{4C82CDC2-4847-4643-B542-848D2326626E}.Release|Mixed Platforms.Build.0 = Release|x64
		{4C82CDC2-4847-4643-B542-848D2326626E}.Release|x64.ActiveCfg = Release|x64
		{4C82CDC2-4847-4643-B542-848D2326626E}.Release|x64.Build.0 = Release|x64
		{4C82CDC2-4847-4643-B542-848D2326626E}.Release|x86.ActiveCfg = Release|x86
		{4C82CDC2-4847-4643-B542-848D2326626E}.Release|x86.Build.0 = Release|x86
		{30F5A13E-13E7-424C-8502-0B4EA14DC2A8}.Debug|Any CPU.ActiveCfg = Debug|Any CPU
		{30F5A13E-13E7-424C-8502-0B4EA14DC2A8}.Debug|Any CPU.Build.0 = Debug|Any CPU
		{30F5A13E-13E7-424C-8502-0B4EA14DC2A8}.Debug|Mixed Platforms.ActiveCfg = Debug|Any CPU
		{30F5A13E-13E7-424C-8502-0B4EA14DC2A8}.Debug|Mixed Platforms.Build.0 = Debug|Any CPU
		{30F5A13E-13E7-424C-8502-0B4EA14DC2A8}.Debug|x64.ActiveCfg = Debug|x64
		{30F5A13E-13E7-424C-8502-0B4EA14DC2A8}.Debug|x64.Build.0 = Debug|x64
		{30F5A13E-13E7-424C-8502-0B4EA14DC2A8}.Debug|x86.ActiveCfg = Debug|x86
		{30F5A13E-13E7-424C-8502-0B4EA14DC2A8}.Debug|x86.Build.0 = Debug|x86
		{30F5A13E-13E7-424C-8502-0B4EA14DC2A8}.Release|Any CPU.ActiveCfg = Release|Any CPU
		{30F5A13E-13E7-424C-8502-0B4EA14DC2A8}.Release|Any CPU.Build.0 = Release|Any CPU
		{30F5A13E-13E7-424C-8502-0B4EA14DC2A8}.Release|Mixed Platforms.ActiveCfg = Release|Any CPU
		{30F5A13E-13E7-424C-8502-0B4EA14DC2A8}.Release|Mixed Platforms.Build.0 = Release|Any CPU
		{30F5A13E-13E7-424C-8502-0B4EA14DC2A8}.Release|x64.ActiveCfg = Release|x64
		{30F5A13E-13E7-424C-8502-0B4EA14DC2A8}.Release|x64.Build.0 = Release|x64
		{30F5A13E-13E7-424C-8502-0B4EA14DC2A8}.Release|x86.ActiveCfg = Release|x86
		{30F5A13E-13E7-424C-8502-0B4EA14DC2A8}.Release|x86.Build.0 = Release|x86
		{76A6B072-1228-4785-9B03-D947CED5024F}.Debug|Any CPU.ActiveCfg = Debug|Any CPU
		{76A6B072-1228-4785-9B03-D947CED5024F}.Debug|Any CPU.Build.0 = Debug|Any CPU
		{76A6B072-1228-4785-9B03-D947CED5024F}.Debug|Mixed Platforms.ActiveCfg = Debug|Any CPU
		{76A6B072-1228-4785-9B03-D947CED5024F}.Debug|Mixed Platforms.Build.0 = Debug|Any CPU
		{76A6B072-1228-4785-9B03-D947CED5024F}.Debug|x64.ActiveCfg = Debug|x64
		{76A6B072-1228-4785-9B03-D947CED5024F}.Debug|x64.Build.0 = Debug|x64
		{76A6B072-1228-4785-9B03-D947CED5024F}.Debug|x86.ActiveCfg = Debug|x86
		{76A6B072-1228-4785-9B03-D947CED5024F}.Debug|x86.Build.0 = Debug|x86
		{76A6B072-1228-4785-9B03-D947CED5024F}.Release|Any CPU.ActiveCfg = Release|Any CPU
		{76A6B072-1228-4785-9B03-D947CED5024F}.Release|Any CPU.Build.0 = Release|Any CPU
		{76A6B072-1228-4785-9B03-D947CED5024F}.Release|Mixed Platforms.ActiveCfg = Release|Any CPU
		{76A6B072-1228-4785-9B03-D947CED5024F}.Release|Mixed Platforms.Build.0 = Release|Any CPU
		{76A6B072-1228-4785-9B03-D947CED5024F}.Release|x64.ActiveCfg = Release|x64
		{76A6B072-1228-4785-9B03-D947CED5024F}.Release|x64.Build.0 = Release|x64
		{76A6B072-1228-4785-9B03-D947CED5024F}.Release|x86.ActiveCfg = Release|x86
		{76A6B072-1228-4785-9B03-D947CED5024F}.Release|x86.Build.0 = Release|x86
		{40EDA338-250A-4B24-8E6C-E9E56B892FF1}.Debug|Any CPU.ActiveCfg = Debug
		{40EDA338-250A-4B24-8E6C-E9E56B892FF1}.Debug|Mixed Platforms.ActiveCfg = Debug
		{40EDA338-250A-4B24-8E6C-E9E56B892FF1}.Debug|x64.ActiveCfg = Debug
		{40EDA338-250A-4B24-8E6C-E9E56B892FF1}.Debug|x86.ActiveCfg = Debug
		{40EDA338-250A-4B24-8E6C-E9E56B892FF1}.Release|Any CPU.ActiveCfg = Release
		{40EDA338-250A-4B24-8E6C-E9E56B892FF1}.Release|Mixed Platforms.ActiveCfg = Release
		{40EDA338-250A-4B24-8E6C-E9E56B892FF1}.Release|x64.ActiveCfg = Release
		{40EDA338-250A-4B24-8E6C-E9E56B892FF1}.Release|x86.ActiveCfg = Release
		{6660A200-F703-4621-858B-D38FD2E8BA0F}.Debug|Any CPU.ActiveCfg = Debug|Any CPU
		{6660A200-F703-4621-858B-D38FD2E8BA0F}.Debug|Any CPU.Build.0 = Debug|Any CPU
		{6660A200-F703-4621-858B-D38FD2E8BA0F}.Debug|Mixed Platforms.ActiveCfg = Debug|Any CPU
		{6660A200-F703-4621-858B-D38FD2E8BA0F}.Debug|Mixed Platforms.Build.0 = Debug|Any CPU
		{6660A200-F703-4621-858B-D38FD2E8BA0F}.Debug|x64.ActiveCfg = Debug|x64
		{6660A200-F703-4621-858B-D38FD2E8BA0F}.Debug|x64.Build.0 = Debug|x64
		{6660A200-F703-4621-858B-D38FD2E8BA0F}.Debug|x86.ActiveCfg = Debug|x86
		{6660A200-F703-4621-858B-D38FD2E8BA0F}.Release|Any CPU.ActiveCfg = Release|Any CPU
		{6660A200-F703-4621-858B-D38FD2E8BA0F}.Release|Any CPU.Build.0 = Release|Any CPU
		{6660A200-F703-4621-858B-D38FD2E8BA0F}.Release|Mixed Platforms.ActiveCfg = Release|Any CPU
		{6660A200-F703-4621-858B-D38FD2E8BA0F}.Release|Mixed Platforms.Build.0 = Release|Any CPU
		{6660A200-F703-4621-858B-D38FD2E8BA0F}.Release|x64.ActiveCfg = Release|x64
		{6660A200-F703-4621-858B-D38FD2E8BA0F}.Release|x64.Build.0 = Release|x64
		{6660A200-F703-4621-858B-D38FD2E8BA0F}.Release|x86.ActiveCfg = Release|x86
		{6660A200-F703-4621-858B-D38FD2E8BA0F}.Release|x86.Build.0 = Release|x86
		{02E4DD67-E214-4B71-A6D1-6698472406AC}.Debug|Any CPU.ActiveCfg = Debug|Any CPU
		{02E4DD67-E214-4B71-A6D1-6698472406AC}.Debug|Any CPU.Build.0 = Debug|Any CPU
		{02E4DD67-E214-4B71-A6D1-6698472406AC}.Debug|Mixed Platforms.ActiveCfg = Debug|Any CPU
		{02E4DD67-E214-4B71-A6D1-6698472406AC}.Debug|Mixed Platforms.Build.0 = Debug|Any CPU
		{02E4DD67-E214-4B71-A6D1-6698472406AC}.Debug|x64.ActiveCfg = Debug|x64
		{02E4DD67-E214-4B71-A6D1-6698472406AC}.Debug|x64.Build.0 = Debug|x64
		{02E4DD67-E214-4B71-A6D1-6698472406AC}.Debug|x86.ActiveCfg = Debug|x86
		{02E4DD67-E214-4B71-A6D1-6698472406AC}.Release|Any CPU.ActiveCfg = Release|Any CPU
		{02E4DD67-E214-4B71-A6D1-6698472406AC}.Release|Any CPU.Build.0 = Release|Any CPU
		{02E4DD67-E214-4B71-A6D1-6698472406AC}.Release|Mixed Platforms.ActiveCfg = Release|Any CPU
		{02E4DD67-E214-4B71-A6D1-6698472406AC}.Release|Mixed Platforms.Build.0 = Release|Any CPU
		{02E4DD67-E214-4B71-A6D1-6698472406AC}.Release|x64.ActiveCfg = Release|x64
		{02E4DD67-E214-4B71-A6D1-6698472406AC}.Release|x64.Build.0 = Release|x64
		{02E4DD67-E214-4B71-A6D1-6698472406AC}.Release|x86.ActiveCfg = Release|x86
		{02E4DD67-E214-4B71-A6D1-6698472406AC}.Release|x86.Build.0 = Release|x86
		{C0868F03-3B1D-4E97-BF87-CB75405EEEA2}.Debug|Any CPU.ActiveCfg = Debug|Any CPU
		{C0868F03-3B1D-4E97-BF87-CB75405EEEA2}.Debug|Any CPU.Build.0 = Debug|Any CPU
		{C0868F03-3B1D-4E97-BF87-CB75405EEEA2}.Debug|Mixed Platforms.ActiveCfg = Debug|Any CPU
		{C0868F03-3B1D-4E97-BF87-CB75405EEEA2}.Debug|Mixed Platforms.Build.0 = Debug|Any CPU
		{C0868F03-3B1D-4E97-BF87-CB75405EEEA2}.Debug|x64.ActiveCfg = Debug|Any CPU
		{C0868F03-3B1D-4E97-BF87-CB75405EEEA2}.Debug|x86.ActiveCfg = Debug|Any CPU
		{C0868F03-3B1D-4E97-BF87-CB75405EEEA2}.Release|Any CPU.ActiveCfg = Release|Any CPU
		{C0868F03-3B1D-4E97-BF87-CB75405EEEA2}.Release|Any CPU.Build.0 = Release|Any CPU
		{C0868F03-3B1D-4E97-BF87-CB75405EEEA2}.Release|Mixed Platforms.ActiveCfg = Release|Any CPU
		{C0868F03-3B1D-4E97-BF87-CB75405EEEA2}.Release|Mixed Platforms.Build.0 = Release|Any CPU
		{C0868F03-3B1D-4E97-BF87-CB75405EEEA2}.Release|x64.ActiveCfg = Release|Any CPU
		{C0868F03-3B1D-4E97-BF87-CB75405EEEA2}.Release|x86.ActiveCfg = Release|Any CPU
	EndGlobalSection
	GlobalSection(SolutionProperties) = preSolution
		HideSolutionNode = FALSE
	EndGlobalSection
EndGlobal
